{
  "name": "hello-node",
  "version": "0.0.1",
  "lockfileVersion": 1,
  "requires": true,
  "dependencies": {
    "kahoot.js-updated": {
      "version": "3.404.1",
      "resolved": "https://registry.npmjs.org/kahoot.js-updated/-/kahoot.js-updated-3.404.1.tgz",
      "integrity": "sha512-C+eghJunhVmasizGvP4MkZjNCsTrKUwmIrSQBKQ8/BPCqQYy5aqMcZID1rKam0YAjY1GgnYq96lWeUWqxyxW1w=="
    }
  }
}
